// !$*UTF8*$!
{
	archiveVersion = 1;
	classes = {
	};
	objectVersion = 46;
	objects = {

/* Begin PBXBuildFile section */
		A1206F5D1804B3420078BB5E /* Foundation.framework in Frameworks */ = {isa = PBXBuildFile; fileRef = A1206F5C1804B3420078BB5E /* Foundation.framework */; };
		A1206FB01804B3EF0078BB5E /* XCTest.framework in Frameworks */ = {isa = PBXBuildFile; fileRef = A1206F6A1804B3420078BB5E /* XCTest.framework */; };
		A1206FB11804B3EF0078BB5E /* Foundation.framework in Frameworks */ = {isa = PBXBuildFile; fileRef = A1206F5C1804B3420078BB5E /* Foundation.framework */; };
		A1206FB21804B3EF0078BB5E /* UIKit.framework in Frameworks */ = {isa = PBXBuildFile; fileRef = A1206F6D1804B3420078BB5E /* UIKit.framework */; };
		A1206FB81804B3EF0078BB5E /* InfoPlist.strings in Resources */ = {isa = PBXBuildFile; fileRef = A1206FB61804B3EF0078BB5E /* InfoPlist.strings */; };
		A1206FC61804B43C0078BB5E /* UIStoryboard+KPAConvenience.m in Sources */ = {isa = PBXBuildFile; fileRef = A1206FC51804B43C0078BB5E /* UIStoryboard+KPAConvenience.m */; };
		A1DD511A180B1B5F00465924 /* TestViewController.m in Sources */ = {isa = PBXBuildFile; fileRef = A1DD5119180B1B5F00465924 /* TestViewController.m */; };
		A1DD511B180B1BE500465924 /* UIStoryboard+KPAConvenience.m in Sources */ = {isa = PBXBuildFile; fileRef = A1206FC51804B43C0078BB5E /* UIStoryboard+KPAConvenience.m */; };
		A1E5F752180B169F00EDC836 /* UIStoryboard_KPAConvenienceSpec.m in Sources */ = {isa = PBXBuildFile; fileRef = A1206FC71804B4790078BB5E /* UIStoryboard_KPAConvenienceSpec.m */; };
		A1E5F755180B186900EDC836 /* Main.storyboard in Resources */ = {isa = PBXBuildFile; fileRef = A1E5F754180B186900EDC836 /* Main.storyboard */; };
		D883F1682C3F4813A435586A /* libPods-Specs.a in Frameworks */ = {isa = PBXBuildFile; fileRef = 01D7F7F53087431C878A49C7 /* libPods-Specs.a */; };
/* End PBXBuildFile section */

/* Begin PBXContainerItemProxy section */
		A1206FBC1804B3EF0078BB5E /* PBXContainerItemProxy */ = {
			isa = PBXContainerItemProxy;
			containerPortal = A1206F511804B3420078BB5E /* Project object */;
			proxyType = 1;
			remoteGlobalIDString = A1206F581804B3420078BB5E;
			remoteInfo = KPAStoryboardConvenience;
		};
/* End PBXContainerItemProxy section */

/* Begin PBXCopyFilesBuildPhase section */
		A1206F571804B3420078BB5E /* CopyFiles */ = {
			isa = PBXCopyFilesBuildPhase;
			buildActionMask = 2147483647;
			dstPath = "include/$(PRODUCT_NAME)";
			dstSubfolderSpec = 16;
			files = (
			);
			runOnlyForDeploymentPostprocessing = 0;
		};
/* End PBXCopyFilesBuildPhase section */

/* Begin PBXFileReference section */
		01D7F7F53087431C878A49C7 /* libPods-Specs.a */ = {isa = PBXFileReference; explicitFileType = archive.ar; includeInIndex = 0; path = "libPods-Specs.a"; sourceTree = BUILT_PRODUCTS_DIR; };
		A1206F591804B3420078BB5E /* libKPAStoryboardConvenience.a */ = {isa = PBXFileReference; explicitFileType = archive.ar; includeInIndex = 0; path = libKPAStoryboardConvenience.a; sourceTree = BUILT_PRODUCTS_DIR; };
		A1206F5C1804B3420078BB5E /* Foundation.framework */ = {isa = PBXFileReference; lastKnownFileType = wrapper.framework; name = Foundation.framework; path = System/Library/Frameworks/Foundation.framework; sourceTree = SDKROOT; };
		A1206F601804B3420078BB5E /* KPAStoryboardConvenience-Prefix.pch */ = {isa = PBXFileReference; lastKnownFileType = sourcecode.c.h; name = "KPAStoryboardConvenience-Prefix.pch"; path = "../Classes/KPAStoryboardConvenience-Prefix.pch"; sourceTree = "<group>"; };
		A1206F6A1804B3420078BB5E /* XCTest.framework */ = {isa = PBXFileReference; lastKnownFileType = wrapper.framework; name = XCTest.framework; path = Library/Frameworks/XCTest.framework; sourceTree = DEVELOPER_DIR; };
		A1206F6D1804B3420078BB5E /* UIKit.framework */ = {isa = PBXFileReference; lastKnownFileType = wrapper.framework; name = UIKit.framework; path = Library/Frameworks/UIKit.framework; sourceTree = DEVELOPER_DIR; };
		A1206FAF1804B3EE0078BB5E /* Specs.octest */ = {isa = PBXFileReference; explicitFileType = wrapper.cfbundle; includeInIndex = 0; path = Specs.octest; sourceTree = BUILT_PRODUCTS_DIR; };
		A1206FB51804B3EF0078BB5E /* Specs-Info.plist */ = {isa = PBXFileReference; lastKnownFileType = text.plist.xml; path = "Specs-Info.plist"; sourceTree = "<group>"; };
		A1206FB71804B3EF0078BB5E /* en */ = {isa = PBXFileReference; lastKnownFileType = text.plist.strings; name = en; path = en.lproj/InfoPlist.strings; sourceTree = "<group>"; };
		A1206FBB1804B3EF0078BB5E /* Specs-Prefix.pch */ = {isa = PBXFileReference; lastKnownFileType = sourcecode.c.h; path = "Specs-Prefix.pch"; sourceTree = "<group>"; };
		A1206FC41804B43C0078BB5E /* UIStoryboard+KPAConvenience.h */ = {isa = PBXFileReference; fileEncoding = 4; lastKnownFileType = sourcecode.c.h; name = "UIStoryboard+KPAConvenience.h"; path = "Classes/UIStoryboard+KPAConvenience.h"; sourceTree = SOURCE_ROOT; };
		A1206FC51804B43C0078BB5E /* UIStoryboard+KPAConvenience.m */ = {isa = PBXFileReference; fileEncoding = 4; lastKnownFileType = sourcecode.c.objc; name = "UIStoryboard+KPAConvenience.m"; path = "Classes/UIStoryboard+KPAConvenience.m"; sourceTree = SOURCE_ROOT; };
		A1206FC71804B4790078BB5E /* UIStoryboard_KPAConvenienceSpec.m */ = {isa = PBXFileReference; fileEncoding = 4; lastKnownFileType = sourcecode.c.objc; path = UIStoryboard_KPAConvenienceSpec.m; sourceTree = "<group>"; };
		A1206FCB1804B5770078BB5E /* SpecHelper.h */ = {isa = PBXFileReference; lastKnownFileType = sourcecode.c.h; path = SpecHelper.h; sourceTree = "<group>"; };
		A1DD5118180B1B5F00465924 /* TestViewController.h */ = {isa = PBXFileReference; fileEncoding = 4; lastKnownFileType = sourcecode.c.h; path = TestViewController.h; sourceTree = "<group>"; };
		A1DD5119180B1B5F00465924 /* TestViewController.m */ = {isa = PBXFileReference; fileEncoding = 4; lastKnownFileType = sourcecode.c.objc; path = TestViewController.m; sourceTree = "<group>"; };
		A1E5F754180B186900EDC836 /* Main.storyboard */ = {isa = PBXFileReference; fileEncoding = 4; lastKnownFileType = file.storyboard; path = Main.storyboard; sourceTree = "<group>"; };
		DF15A7E5F92244CC97B74E40 /* Pods-Specs.xcconfig */ = {isa = PBXFileReference; includeInIndex = 1; lastKnownFileType = text.xcconfig; name = "Pods-Specs.xcconfig"; path = "Pods/Pods-Specs.xcconfig"; sourceTree = "<group>"; };
/* End PBXFileReference section */

/* Begin PBXFrameworksBuildPhase section */
		A1206F561804B3420078BB5E /* Frameworks */ = {
			isa = PBXFrameworksBuildPhase;
			buildActionMask = 2147483647;
			files = (
				A1206F5D1804B3420078BB5E /* Foundation.framework in Frameworks */,
			);
			runOnlyForDeploymentPostprocessing = 0;
		};
		A1206FAC1804B3EE0078BB5E /* Frameworks */ = {
			isa = PBXFrameworksBuildPhase;
			buildActionMask = 2147483647;
			files = (
				A1206FB01804B3EF0078BB5E /* XCTest.framework in Frameworks */,
				A1206FB21804B3EF0078BB5E /* UIKit.framework in Frameworks */,
				A1206FB11804B3EF0078BB5E /* Foundation.framework in Frameworks */,
				D883F1682C3F4813A435586A /* libPods-Specs.a in Frameworks */,
			);
			runOnlyForDeploymentPostprocessing = 0;
		};
/* End PBXFrameworksBuildPhase section */

/* Begin PBXGroup section */
		A1206F501804B3420078BB5E = {
			isa = PBXGroup;
			children = (
				A1206F5E1804B3420078BB5E /* KPAStoryboardConvenience */,
				A1206FB31804B3EF0078BB5E /* Specs */,
				A1206F5B1804B3420078BB5E /* Frameworks */,
				A1206F5A1804B3420078BB5E /* Products */,
				DF15A7E5F92244CC97B74E40 /* Pods-Specs.xcconfig */,
			);
			sourceTree = "<group>";
		};
		A1206F5A1804B3420078BB5E /* Products */ = {
			isa = PBXGroup;
			children = (
				A1206F591804B3420078BB5E /* libKPAStoryboardConvenience.a */,
				A1206FAF1804B3EE0078BB5E /* Specs.octest */,
			);
			name = Products;
			sourceTree = "<group>";
		};
		A1206F5B1804B3420078BB5E /* Frameworks */ = {
			isa = PBXGroup;
			children = (
				A1206F5C1804B3420078BB5E /* Foundation.framework */,
				A1206F6A1804B3420078BB5E /* XCTest.framework */,
				A1206F6D1804B3420078BB5E /* UIKit.framework */,
				01D7F7F53087431C878A49C7 /* libPods-Specs.a */,
			);
			name = Frameworks;
			sourceTree = "<group>";
		};
		A1206F5E1804B3420078BB5E /* KPAStoryboardConvenience */ = {
			isa = PBXGroup;
			children = (
				A1206F5F1804B3420078BB5E /* Supporting Files */,
				A1206FC41804B43C0078BB5E /* UIStoryboard+KPAConvenience.h */,
				A1206FC51804B43C0078BB5E /* UIStoryboard+KPAConvenience.m */,
			);
			path = KPAStoryboardConvenience;
			sourceTree = "<group>";
		};
		A1206F5F1804B3420078BB5E /* Supporting Files */ = {
			isa = PBXGroup;
			children = (
				A1206F601804B3420078BB5E /* KPAStoryboardConvenience-Prefix.pch */,
			);
			name = "Supporting Files";
			sourceTree = "<group>";
		};
		A1206FB31804B3EF0078BB5E /* Specs */ = {
			isa = PBXGroup;
			children = (
				A1206FB41804B3EF0078BB5E /* Supporting Files */,
				A1206FC71804B4790078BB5E /* UIStoryboard_KPAConvenienceSpec.m */,
			);
			path = Specs;
			sourceTree = "<group>";
		};
		A1206FB41804B3EF0078BB5E /* Supporting Files */ = {
			isa = PBXGroup;
			children = (
				A1206FB51804B3EF0078BB5E /* Specs-Info.plist */,
				A1206FB61804B3EF0078BB5E /* InfoPlist.strings */,
				A1206FBB1804B3EF0078BB5E /* Specs-Prefix.pch */,
				A1206FCB1804B5770078BB5E /* SpecHelper.h */,
				A1E5F754180B186900EDC836 /* Main.storyboard */,
				A1DD5118180B1B5F00465924 /* TestViewController.h */,
				A1DD5119180B1B5F00465924 /* TestViewController.m */,
			);
			name = "Supporting Files";
			sourceTree = "<group>";
		};
/* End PBXGroup section */

/* Begin PBXNativeTarget section */
		A1206F581804B3420078BB5E /* KPAStoryboardConvenience */ = {
			isa = PBXNativeTarget;
			buildConfigurationList = A1206F7C1804B3420078BB5E /* Build configuration list for PBXNativeTarget "KPAStoryboardConvenience" */;
			buildPhases = (
				A1206F551804B3420078BB5E /* Sources */,
				A1206F561804B3420078BB5E /* Frameworks */,
				A1206F571804B3420078BB5E /* CopyFiles */,
			);
			buildRules = (
			);
			dependencies = (
			);
			name = KPAStoryboardConvenience;
			productName = KPAStoryboardConvenience;
			productReference = A1206F591804B3420078BB5E /* libKPAStoryboardConvenience.a */;
			productType = "com.apple.product-type.library.static";
		};
		A1206FAE1804B3EE0078BB5E /* Specs */ = {
			isa = PBXNativeTarget;
			buildConfigurationList = A1206FBE1804B3EF0078BB5E /* Build configuration list for PBXNativeTarget "Specs" */;
			buildPhases = (
				23D17AC65A16410D9C49CC94 /* Check Pods Manifest.lock */,
				A1206FAB1804B3EE0078BB5E /* Sources */,
				A1206FAC1804B3EE0078BB5E /* Frameworks */,
				A1206FAD1804B3EE0078BB5E /* Resources */,
				85C44C26552C4DF88D614000 /* Copy Pods Resources */,
			);
			buildRules = (
			);
			dependencies = (
				A1206FBD1804B3EF0078BB5E /* PBXTargetDependency */,
			);
			name = Specs;
			productName = Specs;
			productReference = A1206FAF1804B3EE0078BB5E /* Specs.octest */;
			productType = "com.apple.product-type.bundle.unit-test";
		};
/* End PBXNativeTarget section */

/* Begin PBXProject section */
		A1206F511804B3420078BB5E /* Project object */ = {
			isa = PBXProject;
			attributes = {
				LastUpgradeCheck = 0500;
				ORGANIZATIONNAME = "Klaas Pieter Annema";
				TargetAttributes = {
					A1206FAE1804B3EE0078BB5E = {
						TestTargetID = A1206F581804B3420078BB5E;
					};
				};
			};
			buildConfigurationList = A1206F541804B3420078BB5E /* Build configuration list for PBXProject "KPAStoryboardConvenience" */;
			compatibilityVersion = "Xcode 3.2";
			developmentRegion = English;
			hasScannedForEncodings = 0;
			knownRegions = (
				en,
			);
			mainGroup = A1206F501804B3420078BB5E;
			productRefGroup = A1206F5A1804B3420078BB5E /* Products */;
			projectDirPath = "";
			projectRoot = "";
			targets = (
				A1206F581804B3420078BB5E /* KPAStoryboardConvenience */,
				A1206FAE1804B3EE0078BB5E /* Specs */,
			);
		};
/* End PBXProject section */

/* Begin PBXResourcesBuildPhase section */
		A1206FAD1804B3EE0078BB5E /* Resources */ = {
			isa = PBXResourcesBuildPhase;
			buildActionMask = 2147483647;
			files = (
				A1206FB81804B3EF0078BB5E /* InfoPlist.strings in Resources */,
				A1E5F755180B186900EDC836 /* Main.storyboard in Resources */,
			);
			runOnlyForDeploymentPostprocessing = 0;
		};
/* End PBXResourcesBuildPhase section */

/* Begin PBXShellScriptBuildPhase section */
		23D17AC65A16410D9C49CC94 /* Check Pods Manifest.lock */ = {
			isa = PBXShellScriptBuildPhase;
			buildActionMask = 2147483647;
			files = (
			);
			inputPaths = (
			);
			name = "Check Pods Manifest.lock";
			outputPaths = (
			);
			runOnlyForDeploymentPostprocessing = 0;
			shellPath = /bin/sh;
			shellScript = "diff \"${PODS_ROOT}/../Podfile.lock\" \"${PODS_ROOT}/Manifest.lock\" > /dev/null\nif [[ $? != 0 ]] ; then\n    cat << EOM\nerror: The sandbox is not in sync with the Podfile.lock. Run 'pod install' or update your CocoaPods installation.\nEOM\n    exit 1\nfi\n";
			showEnvVarsInLog = 0;
		};
		85C44C26552C4DF88D614000 /* Copy Pods Resources */ = {
			isa = PBXShellScriptBuildPhase;
			buildActionMask = 2147483647;
			files = (
			);
			inputPaths = (
			);
			name = "Copy Pods Resources";
			outputPaths = (
			);
			runOnlyForDeploymentPostprocessing = 0;
			shellPath = /bin/sh;
			shellScript = "\"${SRCROOT}/Pods/Pods-Specs-resources.sh\"\n";
			showEnvVarsInLog = 0;
		};
/* End PBXShellScriptBuildPhase section */

/* Begin PBXSourcesBuildPhase section */
		A1206F551804B3420078BB5E /* Sources */ = {
			isa = PBXSourcesBuildPhase;
			buildActionMask = 2147483647;
			files = (
				A1206FC61804B43C0078BB5E /* UIStoryboard+KPAConvenience.m in Sources */,
			);
			runOnlyForDeploymentPostprocessing = 0;
		};
		A1206FAB1804B3EE0078BB5E /* Sources */ = {
			isa = PBXSourcesBuildPhase;
			buildActionMask = 2147483647;
			files = (
				A1DD511A180B1B5F00465924 /* TestViewController.m in Sources */,
				A1DD511B180B1BE500465924 /* UIStoryboard+KPAConvenience.m in Sources */,
				A1E5F752180B169F00EDC836 /* UIStoryboard_KPAConvenienceSpec.m in Sources */,
			);
			runOnlyForDeploymentPostprocessing = 0;
		};
/* End PBXSourcesBuildPhase section */

/* Begin PBXTargetDependency section */
		A1206FBD1804B3EF0078BB5E /* PBXTargetDependency */ = {
			isa = PBXTargetDependency;
			target = A1206F581804B3420078BB5E /* KPAStoryboardConvenience */;
			targetProxy = A1206FBC1804B3EF0078BB5E /* PBXContainerItemProxy */;
		};
/* End PBXTargetDependency section */

/* Begin PBXVariantGroup section */
		A1206FB61804B3EF0078BB5E /* InfoPlist.strings */ = {
			isa = PBXVariantGroup;
			children = (
				A1206FB71804B3EF0078BB5E /* en */,
			);
			name = InfoPlist.strings;
			sourceTree = "<group>";
		};
/* End PBXVariantGroup section */

/* Begin XCBuildConfiguration section */
		A1206F7A1804B3420078BB5E /* Debug */ = {
			isa = XCBuildConfiguration;
			buildSettings = {
				ALWAYS_SEARCH_USER_PATHS = NO;
				ARCHS = "$(ARCHS_STANDARD_INCLUDING_64_BIT)";
				CLANG_CXX_LANGUAGE_STANDARD = "gnu++0x";
				CLANG_CXX_LIBRARY = "libc++";
				CLANG_ENABLE_MODULES = YES;
				CLANG_ENABLE_OBJC_ARC = YES;
				CLANG_WARN_BOOL_CONVERSION = YES;
				CLANG_WARN_CONSTANT_CONVERSION = YES;
				CLANG_WARN_DIRECT_OBJC_ISA_USAGE = YES_ERROR;
				CLANG_WARN_EMPTY_BODY = YES;
				CLANG_WARN_ENUM_CONVERSION = YES;
				CLANG_WARN_INT_CONVERSION = YES;
				CLANG_WARN_OBJC_ROOT_CLASS = YES_ERROR;
				CLANG_WARN__DUPLICATE_METHOD_MATCH = YES;
				COPY_PHASE_STRIP = NO;
				GCC_C_LANGUAGE_STANDARD = gnu99;
				GCC_DYNAMIC_NO_PIC = NO;
				GCC_OPTIMIZATION_LEVEL = 0;
				GCC_PREPROCESSOR_DEFINITIONS = (
					"DEBUG=1",
					"$(inherited)",
				);
				GCC_SYMBOLS_PRIVATE_EXTERN = NO;
				GCC_WARN_64_TO_32_BIT_CONVERSION = YES;
				GCC_WARN_ABOUT_RETURN_TYPE = YES_ERROR;
				GCC_WARN_UNDECLARED_SELECTOR = YES;
				GCC_WARN_UNINITIALIZED_AUTOS = YES;
				GCC_WARN_UNUSED_FUNCTION = YES;
				GCC_WARN_UNUSED_VARIABLE = YES;
				IPHONEOS_DEPLOYMENT_TARGET = 7.0;
				ONLY_ACTIVE_ARCH = YES;
				SDKROOT = iphoneos;
			};
			name = Debug;
		};
		A1206F7B1804B3420078BB5E /* Release */ = {
			isa = XCBuildConfiguration;
			buildSettings = {
				ALWAYS_SEARCH_USER_PATHS = NO;
				ARCHS = "$(ARCHS_STANDARD_INCLUDING_64_BIT)";
				CLANG_CXX_LANGUAGE_STANDARD = "gnu++0x";
				CLANG_CXX_LIBRARY = "libc++";
				CLANG_ENABLE_MODULES = YES;
				CLANG_ENABLE_OBJC_ARC = YES;
				CLANG_WARN_BOOL_CONVERSION = YES;
				CLANG_WARN_CONSTANT_CONVERSION = YES;
				CLANG_WARN_DIRECT_OBJC_ISA_USAGE = YES_ERROR;
				CLANG_WARN_EMPTY_BODY = YES;
				CLANG_WARN_ENUM_CONVERSION = YES;
				CLANG_WARN_INT_CONVERSION = YES;
				CLANG_WARN_OBJC_ROOT_CLASS = YES_ERROR;
				CLANG_WARN__DUPLICATE_METHOD_MATCH = YES;
				COPY_PHASE_STRIP = YES;
				ENABLE_NS_ASSERTIONS = NO;
				GCC_C_LANGUAGE_STANDARD = gnu99;
				GCC_WARN_64_TO_32_BIT_CONVERSION = YES;
				GCC_WARN_ABOUT_RETURN_TYPE = YES_ERROR;
				GCC_WARN_UNDECLARED_SELECTOR = YES;
				GCC_WARN_UNINITIALIZED_AUTOS = YES;
				GCC_WARN_UNUSED_FUNCTION = YES;
				GCC_WARN_UNUSED_VARIABLE = YES;
				IPHONEOS_DEPLOYMENT_TARGET = 7.0;
				SDKROOT = iphoneos;
				VALIDATE_PRODUCT = YES;
			};
			name = Release;
		};
		A1206F7D1804B3420078BB5E /* Debug */ = {
			isa = XCBuildConfiguration;
			buildSettings = {
				DSTROOT = /tmp/KPAStoryboardConvenience.dst;
				GCC_PRECOMPILE_PREFIX_HEADER = YES;
				GCC_PREFIX_HEADER = "Classes/KPAStoryboardConvenience-Prefix.pch";
				OTHER_LDFLAGS = "-ObjC";
				PRODUCT_NAME = "$(TARGET_NAME)";
				SKIP_INSTALL = YES;
			};
			name = Debug;
		};
		A1206F7E1804B3420078BB5E /* Release */ = {
			isa = XCBuildConfiguration;
			buildSettings = {
				DSTROOT = /tmp/KPAStoryboardConvenience.dst;
				GCC_PRECOMPILE_PREFIX_HEADER = YES;
				GCC_PREFIX_HEADER = "Classes/KPAStoryboardConvenience-Prefix.pch";
				OTHER_LDFLAGS = "-ObjC";
				PRODUCT_NAME = "$(TARGET_NAME)";
				SKIP_INSTALL = YES;
			};
			name = Release;
		};
		A1206FBF1804B3EF0078BB5E /* Debug */ = {
			isa = XCBuildConfiguration;
			baseConfigurationReference = DF15A7E5F92244CC97B74E40 /* Pods-Specs.xcconfig */;
			buildSettings = {
				FRAMEWORK_SEARCH_PATHS = (
					"$(SDKROOT)/Developer/Library/Frameworks",
					"$(inherited)",
					"$(DEVELOPER_FRAMEWORKS_DIR)",
				);
				GCC_PRECOMPILE_PREFIX_HEADER = YES;
				GCC_PREFIX_HEADER = "Specs/Specs-Prefix.pch";
				GCC_PREPROCESSOR_DEFINITIONS = (
					"DEBUG=1",
					"$(inherited)",
				);
				INFOPLIST_FILE = "Specs/Specs-Info.plist";
				PRODUCT_NAME = "$(TARGET_NAME)";
				WRAPPER_EXTENSION = octest;
			};
			name = Debug;
		};
		A1206FC01804B3EF0078BB5E /* Release */ = {
			isa = XCBuildConfiguration;
			baseConfigurationReference = DF15A7E5F92244CC97B74E40 /* Pods-Specs.xcconfig */;
			buildSettings = {
				FRAMEWORK_SEARCH_PATHS = (
					"$(SDKROOT)/Developer/Library/Frameworks",
					"$(inherited)",
					"$(DEVELOPER_FRAMEWORKS_DIR)",
				);
				GCC_PRECOMPILE_PREFIX_HEADER = YES;
				GCC_PREFIX_HEADER = "Specs/Specs-Prefix.pch";
				INFOPLIST_FILE = "Specs/Specs-Info.plist";
				PRODUCT_NAME = "$(TARGET_NAME)";
				WRAPPER_EXTENSION = octest;
			};
			name = Release;
		};
/* End XCBuildConfiguration section */

/* Begin XCConfigurationList section */
		A1206F541804B3420078BB5E /* Build configuration list for PBXProject "KPAStoryboardConvenience" */ = {
			isa = XCConfigurationList;
			buildConfigurations = (
				A1206F7A1804B3420078BB5E /* Debug */,
				A1206F7B1804B3420078BB5E /* Release */,
			);
			defaultConfigurationIsVisible = 0;
			defaultConfigurationName = Release;
		};
		A1206F7C1804B3420078BB5E /* Build configuration list for PBXNativeTarget "KPAStoryboardConvenience" */ = {
			isa = XCConfigurationList;
			buildConfigurations = (
				A1206F7D1804B3420078BB5E /* Debug */,
				A1206F7E1804B3420078BB5E /* Release */,
			);
			defaultConfigurationIsVisible = 0;
			defaultConfigurationName = Release;
		};
		A1206FBE1804B3EF0078BB5E /* Build configuration list for PBXNativeTarget "Specs" */ = {
			isa = XCConfigurationList;
			buildConfigurations = (
				A1206FBF1804B3EF0078BB5E /* Debug */,
				A1206FC01804B3EF0078BB5E /* Release */,
			);
			defaultConfigurationIsVisible = 0;
			defaultConfigurationName = Release;
		};
/* End XCConfigurationList section */
	};
	rootObject = A1206F511804B3420078BB5E /* Project object */;
}
